
Microsoft Visual Studio Solution File, Format Version 12.00
# Visual Studio Version 17
VisualStudioVersion = 17.14.36408.4 d17.14
MinimumVisualStudioVersion = 10.0.40219.1
Project("{FAE04EC0-301F-11D3-BF4B-00C04F79EFBC}") = "practico4", "practico4\practico4.csproj", "{DBFB03B7-22F8-4F11-88D1-CEA406B5732F}"
EndProject
Global
	GlobalSection(SolutionConfigurationPlatforms) = preSolution
		Debug|Any CPU = Debug|Any CPU
		Release|Any CPU = Release|Any CPU
	EndGlobalSection
	GlobalSection(ProjectConfigurationPlatforms) = postSolution
		{DBFB03B7-22F8-4F11-88D1-CEA406B5732F}.Debug|Any CPU.ActiveCfg = Debug|Any CPU
		{DBFB03B7-22F8-4F11-88D1-CEA406B5732F}.Debug|Any CPU.Build.0 = Debug|Any CPU
		{DBFB03B7-22F8-4F11-88D1-CEA406B5732F}.Release|Any CPU.ActiveCfg = Release|Any CPU
		{DBFB03B7-22F8-4F11-88D1-CEA406B5732F}.Release|Any CPU.Build.0 = Release|Any CPU
	EndGlobalSection
	GlobalSection(SolutionProperties) = preSolution
		HideSolutionNode = FALSE
	EndGlobalSection
	GlobalSection(ExtensibilityGlobals) = postSolution
		SolutionGuid = {31120EFC-8F71-4A1E-905C-6576A522EA03}
	EndGlobalSection
EndGlobal
